<?xml version="1.0" encoding="utf-8"?>
<Project ToolsVersion="4.0" xmlns="http://schemas.microsoft.com/developer/msbuild/2003">
  <ItemGroup>
    <Filter Include="Classes">
      <UniqueIdentifier>{4FC737F1-C7A5-4376-A066-2A32D752A2FF}</UniqueIdentifier>
      <Extensions>cpp;c;cc;cxx;def;odl;idl;hpj;bat;asm;asmx</Extensions>
    </Filter>
    <Filter Include="win32">
      <UniqueIdentifier>{93995380-89BD-4b04-88EB-625FBE52EBFB}</UniqueIdentifier>
      <Extensions>h;hpp;hxx;hm;inl;inc;xsd</Extensions>
    </Filter>
    <Filter Include="Classes\CoreApp">
      <UniqueIdentifier>{a3d33e86-ffaf-4fe3-a157-38ef10ccbee1}</UniqueIdentifier>
    </Filter>
    <Filter Include="Classes\Rectangle">
      <UniqueIdentifier>{f146f5ab-b7d2-4a2f-a156-512a102670ce}</UniqueIdentifier>
    </Filter>
    <Filter Include="Classes\Scenes">
      <UniqueIdentifier>{01b8a4e0-6be5-438d-b076-1c5763db5b16}</UniqueIdentifier>
    </Filter>
  </ItemGroup>
  <ItemGroup>
    <ClCompile Include="main.cpp">
      <Filter>win32</Filter>
    </ClCompile>
    <ClCompile Include="..\Classes\AppDelegate.cpp">
      <Filter>Classes\CoreApp</Filter>
    </ClCompile>
    <ClCompile Include="..\Classes\RectPool.cpp">
      <Filter>Classes\Rectangle</Filter>
    </ClCompile>
    <ClCompile Include="..\Classes\SessionController.cpp">
      <Filter>Classes</Filter>
    </ClCompile>
    <ClCompile Include="..\Classes\GameScene.cpp">
      <Filter>Classes\Scenes</Filter>
    </ClCompile>
    <ClCompile Include="..\Classes\LevelScene.cpp">
      <Filter>Classes\Scenes</Filter>
    </ClCompile>
    <ClCompile Include="..\Classes\MenuScene.cpp">
      <Filter>Classes\Scenes</Filter>
    </ClCompile>
    <ClCompile Include="..\Classes\RetryScene.cpp">
      <Filter>Classes\Scenes</Filter>
    </ClCompile>
    <ClCompile Include="..\Classes\CompletedWindow.cpp">
      <Filter>Classes\Scenes</Filter>
    </ClCompile>
  </ItemGroup>
  <ItemGroup>
    <ClInclude Include="main.h">
      <Filter>win32</Filter>
    </ClInclude>
    <ClInclude Include="..\Classes\SessionController.h">
      <Filter>Classes</Filter>
    </ClInclude>
    <ClInclude Include="..\Classes\AppDelegate.h">
      <Filter>Classes\CoreApp</Filter>
    </ClInclude>
    <ClInclude Include="..\Classes\AppMacros.h">
      <Filter>Classes\CoreApp</Filter>
    </ClInclude>
    <ClInclude Include="..\Classes\SimpleRectFabrik.h">
      <Filter>Classes\Rectangle</Filter>
    </ClInclude>
    <ClInclude Include="..\Classes\TouchableRect.h">
      <Filter>Classes\Rectangle</Filter>
    </ClInclude>
    <ClInclude Include="..\Classes\RectPool.h">
      <Filter>Classes\Rectangle</Filter>
    </ClInclude>
    <ClInclude Include="..\Classes\RectTrajectory.h">
      <Filter>Classes\Rectangle</Filter>
    </ClInclude>
    <ClInclude Include="..\Classes\SimpleRect.h">
      <Filter>Classes\Rectangle</Filter>
    </ClInclude>
    <ClInclude Include="..\Classes\LifeRect.h">
      <Filter>Classes\Rectangle</Filter>
    </ClInclude>
    <ClInclude Include="..\Classes\DeathRect.h">
      <Filter>Classes\Rectangle</Filter>
    </ClInclude>
    <ClInclude Include="..\Classes\ArmoredRect.h">
      <Filter>Classes\Rectangle</Filter>
    </ClInclude>
    <ClInclude Include="..\Classes\GameScene.h">
      <Filter>Classes\Scenes</Filter>
    </ClInclude>
    <ClInclude Include="..\Classes\LevelScene.h">
      <Filter>Classes\Scenes</Filter>
    </ClInclude>
    <ClInclude Include="..\Classes\MenuScene.h">
      <Filter>Classes\Scenes</Filter>
    </ClInclude>
    <ClInclude Include="..\Classes\RetryScene.h">
      <Filter>Classes\Scenes</Filter>
    </ClInclude>
    <ClInclude Include="..\Classes\AudioEngineWrapper.h">
      <Filter>Classes</Filter>
    </ClInclude>
    <ClInclude Include="..\Classes\CompletedWindow.h">
      <Filter>Classes\Scenes</Filter>
    </ClInclude>
  </ItemGroup>
</Project>